// !$*UTF8*$!
{
	archiveVersion = 1;
	classes = {
	};
	objectVersion = 55;
	objects = {

/* Begin PBXBuildFile section */
		DF50D1022696E81500310A07 /* CloudKit.framework in Frameworks */ = {isa = PBXBuildFile; fileRef = DF50D1012696E81500310A07 /* CloudKit.framework */; };
		DF712132269BF1A900F26E34 /* App.swift in Sources */ = {isa = PBXBuildFile; fileRef = DFED382E2692DE6A00DC360E /* App.swift */; };
		DF712133269BF1BD00F26E34 /* Framework.swift in Sources */ = {isa = PBXBuildFile; fileRef = DFED382B2692DDC300DC360E /* Framework.swift */; };
		DF8C712B2695454F00C0240C /* CoreDataManager.swift in Sources */ = {isa = PBXBuildFile; fileRef = DF8C712A2695454F00C0240C /* CoreDataManager.swift */; };
		DF8C712C2695454F00C0240C /* CoreDataManager.swift in Sources */ = {isa = PBXBuildFile; fileRef = DF8C712A2695454F00C0240C /* CoreDataManager.swift */; };
		DF8C712F2695465C00C0240C /* Model.xcdatamodeld in Sources */ = {isa = PBXBuildFile; fileRef = DF8C712D2695465C00C0240C /* Model.xcdatamodeld */; };
		DF8C71302695465C00C0240C /* Model.xcdatamodeld in Sources */ = {isa = PBXBuildFile; fileRef = DF8C712D2695465C00C0240C /* Model.xcdatamodeld */; };
		DFAA9743269FDF6D0021CDE1 /* CoreDataWrapper.swift in Sources */ = {isa = PBXBuildFile; fileRef = DFAA9742269FDF6D0021CDE1 /* CoreDataWrapper.swift */; };
		DFAA9744269FDF6D0021CDE1 /* CoreDataWrapper.swift in Sources */ = {isa = PBXBuildFile; fileRef = DFAA9742269FDF6D0021CDE1 /* CoreDataWrapper.swift */; };
		DFE9200F26959EC300736A6B /* User.swift in Sources */ = {isa = PBXBuildFile; fileRef = DFE9200E26959EC300736A6B /* User.swift */; };
		DFE9201026959EC300736A6B /* User.swift in Sources */ = {isa = PBXBuildFile; fileRef = DFE9200E26959EC300736A6B /* User.swift */; };
		DFED38172692DD5900DC360E /* SampleApp.swift in Sources */ = {isa = PBXBuildFile; fileRef = DFED38092692DD5800DC360E /* SampleApp.swift */; };
		DFED38182692DD5900DC360E /* SampleApp.swift in Sources */ = {isa = PBXBuildFile; fileRef = DFED38092692DD5800DC360E /* SampleApp.swift */; };
		DFED38192692DD5900DC360E /* ContentContainerView.swift in Sources */ = {isa = PBXBuildFile; fileRef = DFED380A2692DD5800DC360E /* ContentContainerView.swift */; };
		DFED381A2692DD5900DC360E /* ContentContainerView.swift in Sources */ = {isa = PBXBuildFile; fileRef = DFED380A2692DD5800DC360E /* ContentContainerView.swift */; };
		DFED381B2692DD5900DC360E /* Assets.xcassets in Resources */ = {isa = PBXBuildFile; fileRef = DFED380B2692DD5900DC360E /* Assets.xcassets */; };
		DFED381C2692DD5900DC360E /* Assets.xcassets in Resources */ = {isa = PBXBuildFile; fileRef = DFED380B2692DD5900DC360E /* Assets.xcassets */; };
		DFED38292692DD8C00DC360E /* Item.swift in Sources */ = {isa = PBXBuildFile; fileRef = DFED38282692DD8C00DC360E /* Item.swift */; };
		DFED382A2692DD8F00DC360E /* Item.swift in Sources */ = {isa = PBXBuildFile; fileRef = DFED38282692DD8C00DC360E /* Item.swift */; };
		DFED382C2692DDC300DC360E /* Framework.swift in Sources */ = {isa = PBXBuildFile; fileRef = DFED382B2692DDC300DC360E /* Framework.swift */; };
		DFED382F2692DE6A00DC360E /* App.swift in Sources */ = {isa = PBXBuildFile; fileRef = DFED382E2692DE6A00DC360E /* App.swift */; };
		DFED38312692E02300DC360E /* ItemDao.swift in Sources */ = {isa = PBXBuildFile; fileRef = DFED38302692E02300DC360E /* ItemDao.swift */; };
		DFED38322692E02300DC360E /* ItemDao.swift in Sources */ = {isa = PBXBuildFile; fileRef = DFED38302692E02300DC360E /* ItemDao.swift */; };
/* End PBXBuildFile section */

/* Begin PBXFileReference section */
		DF50D0FF2696E80C00310A07 /* Sample.entitlements */ = {isa = PBXFileReference; lastKnownFileType = text.plist.entitlements; path = Sample.entitlements; sourceTree = "<group>"; };
		DF50D1012696E81500310A07 /* CloudKit.framework */ = {isa = PBXFileReference; lastKnownFileType = wrapper.framework; name = CloudKit.framework; path = Platforms/iPhoneOS.platform/Developer/SDKs/iPhoneOS15.0.sdk/System/Library/Frameworks/CloudKit.framework; sourceTree = DEVELOPER_DIR; };
		DF8C712A2695454F00C0240C /* CoreDataManager.swift */ = {isa = PBXFileReference; lastKnownFileType = sourcecode.swift; path = CoreDataManager.swift; sourceTree = "<group>"; };
		DF8C712E2695465C00C0240C /* Model.xcdatamodel */ = {isa = PBXFileReference; lastKnownFileType = wrapper.xcdatamodel; path = Model.xcdatamodel; sourceTree = "<group>"; };
		DFAA9742269FDF6D0021CDE1 /* CoreDataWrapper.swift */ = {isa = PBXFileReference; lastKnownFileType = sourcecode.swift; path = CoreDataWrapper.swift; sourceTree = "<group>"; };
		DFE9200E26959EC300736A6B /* User.swift */ = {isa = PBXFileReference; lastKnownFileType = sourcecode.swift; path = User.swift; sourceTree = "<group>"; };
		DFED38092692DD5800DC360E /* SampleApp.swift */ = {isa = PBXFileReference; lastKnownFileType = sourcecode.swift; path = SampleApp.swift; sourceTree = "<group>"; };
		DFED380A2692DD5800DC360E /* ContentContainerView.swift */ = {isa = PBXFileReference; lastKnownFileType = sourcecode.swift; path = ContentContainerView.swift; sourceTree = "<group>"; };
		DFED380B2692DD5900DC360E /* Assets.xcassets */ = {isa = PBXFileReference; lastKnownFileType = folder.assetcatalog; path = Assets.xcassets; sourceTree = "<group>"; };
		DFED38102692DD5900DC360E /* Sample.app */ = {isa = PBXFileReference; explicitFileType = wrapper.application; includeInIndex = 0; path = Sample.app; sourceTree = BUILT_PRODUCTS_DIR; };
		DFED38162692DD5900DC360E /* Sample.app */ = {isa = PBXFileReference; explicitFileType = wrapper.application; includeInIndex = 0; path = Sample.app; sourceTree = BUILT_PRODUCTS_DIR; };
		DFED38282692DD8C00DC360E /* Item.swift */ = {isa = PBXFileReference; lastKnownFileType = sourcecode.swift; path = Item.swift; sourceTree = "<group>"; };
		DFED382B2692DDC300DC360E /* Framework.swift */ = {isa = PBXFileReference; fileEncoding = 4; lastKnownFileType = sourcecode.swift; path = Framework.swift; sourceTree = "<group>"; };
		DFED382E2692DE6A00DC360E /* App.swift */ = {isa = PBXFileReference; lastKnownFileType = sourcecode.swift; path = App.swift; sourceTree = "<group>"; };
		DFED38302692E02300DC360E /* ItemDao.swift */ = {isa = PBXFileReference; lastKnownFileType = sourcecode.swift; path = ItemDao.swift; sourceTree = "<group>"; };
/* End PBXFileReference section */

/* Begin PBXFrameworksBuildPhase section */
		DFED380D2692DD5900DC360E /* Frameworks */ = {
			isa = PBXFrameworksBuildPhase;
			buildActionMask = 2147483647;
			files = (
				DF50D1022696E81500310A07 /* CloudKit.framework in Frameworks */,
			);
			runOnlyForDeploymentPostprocessing = 0;
		};
		DFED38132692DD5900DC360E /* Frameworks */ = {
			isa = PBXFrameworksBuildPhase;
			buildActionMask = 2147483647;
			files = (
			);
			runOnlyForDeploymentPostprocessing = 0;
		};
/* End PBXFrameworksBuildPhase section */

/* Begin PBXGroup section */
		DF50D1002696E81500310A07 /* Frameworks */ = {
			isa = PBXGroup;
			children = (
				DF50D1012696E81500310A07 /* CloudKit.framework */,
			);
			name = Frameworks;
			sourceTree = "<group>";
		};
		DFED38032692DD5700DC360E = {
			isa = PBXGroup;
			children = (
				DF50D0FF2696E80C00310A07 /* Sample.entitlements */,
				DFED38082692DD5800DC360E /* Shared */,
				DFED38112692DD5900DC360E /* Products */,
				DF50D1002696E81500310A07 /* Frameworks */,
			);
			sourceTree = "<group>";
		};
		DFED38082692DD5800DC360E /* Shared */ = {
			isa = PBXGroup;
			children = (
				DFED382D2692DE4D00DC360E /* Repositories */,
				DFED38272692DD6E00DC360E /* Redux */,
				DFED38262692DD6700DC360E /* Models */,
				DFED38252692DD6100DC360E /* Views */,
				DFED38092692DD5800DC360E /* SampleApp.swift */,
				DFED380B2692DD5900DC360E /* Assets.xcassets */,
			);
			path = Shared;
			sourceTree = "<group>";
		};
		DFED38112692DD5900DC360E /* Products */ = {
			isa = PBXGroup;
			children = (
				DFED38102692DD5900DC360E /* Sample.app */,
				DFED38162692DD5900DC360E /* Sample.app */,
			);
			name = Products;
			sourceTree = "<group>";
		};
		DFED38252692DD6100DC360E /* Views */ = {
			isa = PBXGroup;
			children = (
				DFED380A2692DD5800DC360E /* ContentContainerView.swift */,
			);
			path = Views;
			sourceTree = "<group>";
		};
		DFED38262692DD6700DC360E /* Models */ = {
			isa = PBXGroup;
			children = (
				DFED38282692DD8C00DC360E /* Item.swift */,
				DFE9200E26959EC300736A6B /* User.swift */,
			);
			path = Models;
			sourceTree = "<group>";
		};
		DFED38272692DD6E00DC360E /* Redux */ = {
			isa = PBXGroup;
			children = (
				DFED382B2692DDC300DC360E /* Framework.swift */,
				DFED382E2692DE6A00DC360E /* App.swift */,
			);
			path = Redux;
			sourceTree = "<group>";
		};
		DFED382D2692DE4D00DC360E /* Repositories */ = {
			isa = PBXGroup;
			children = (
				DF8C712D2695465C00C0240C /* Model.xcdatamodeld */,
				DF8C712A2695454F00C0240C /* CoreDataManager.swift */,
				DFAA9742269FDF6D0021CDE1 /* CoreDataWrapper.swift */,
				DFED38302692E02300DC360E /* ItemDao.swift */,
			);
			path = Repositories;
			sourceTree = "<group>";
		};
/* End PBXGroup section */

/* Begin PBXNativeTarget section */
		DFED380F2692DD5900DC360E /* Sample (iOS) */ = {
			isa = PBXNativeTarget;
			buildConfigurationList = DFED381F2692DD5900DC360E /* Build configuration list for PBXNativeTarget "Sample (iOS)" */;
			buildPhases = (
				DFED380C2692DD5900DC360E /* Sources */,
				DFED380D2692DD5900DC360E /* Frameworks */,
				DFED380E2692DD5900DC360E /* Resources */,
			);
			buildRules = (
			);
			dependencies = (
			);
			name = "Sample (iOS)";
			productName = "Sample (iOS)";
			productReference = DFED38102692DD5900DC360E /* Sample.app */;
			productType = "com.apple.product-type.application";
		};
		DFED38152692DD5900DC360E /* Sample (macOS) */ = {
			isa = PBXNativeTarget;
			buildConfigurationList = DFED38222692DD5900DC360E /* Build configuration list for PBXNativeTarget "Sample (macOS)" */;
			buildPhases = (
				DFED38122692DD5900DC360E /* Sources */,
				DFED38132692DD5900DC360E /* Frameworks */,
				DFED38142692DD5900DC360E /* Resources */,
			);
			buildRules = (
			);
			dependencies = (
			);
			name = "Sample (macOS)";
			productName = "Sample (macOS)";
			productReference = DFED38162692DD5900DC360E /* Sample.app */;
			productType = "com.apple.product-type.application";
		};
/* End PBXNativeTarget section */

/* Begin PBXProject section */
		DFED38042692DD5700DC360E /* Project object */ = {
			isa = PBXProject;
			attributes = {
				BuildIndependentTargetsInParallel = 1;
				LastSwiftUpdateCheck = 1300;
				LastUpgradeCheck = 1300;
				TargetAttributes = {
					DFED380F2692DD5900DC360E = {
						CreatedOnToolsVersion = 13.0;
					};
					DFED38152692DD5900DC360E = {
						CreatedOnToolsVersion = 13.0;
					};
				};
			};
			buildConfigurationList = DFED38072692DD5700DC360E /* Build configuration list for PBXProject "Sample" */;
			compatibilityVersion = "Xcode 13.0";
			developmentRegion = en;
			hasScannedForEncodings = 0;
			knownRegions = (
				en,
				Base,
			);
			mainGroup = DFED38032692DD5700DC360E;
			productRefGroup = DFED38112692DD5900DC360E /* Products */;
			projectDirPath = "";
			projectRoot = "";
			targets = (
				DFED380F2692DD5900DC360E /* Sample (iOS) */,
				DFED38152692DD5900DC360E /* Sample (macOS) */,
			);
		};
/* End PBXProject section */

/* Begin PBXResourcesBuildPhase section */
		DFED380E2692DD5900DC360E /* Resources */ = {
			isa = PBXResourcesBuildPhase;
			buildActionMask = 2147483647;
			files = (
				DFED381B2692DD5900DC360E /* Assets.xcassets in Resources */,
			);
			runOnlyForDeploymentPostprocessing = 0;
		};
		DFED38142692DD5900DC360E /* Resources */ = {
			isa = PBXResourcesBuildPhase;
			buildActionMask = 2147483647;
			files = (
				DFED381C2692DD5900DC360E /* Assets.xcassets in Resources */,
			);
			runOnlyForDeploymentPostprocessing = 0;
		};
/* End PBXResourcesBuildPhase section */

/* Begin PBXSourcesBuildPhase section */
		DFED380C2692DD5900DC360E /* Sources */ = {
			isa = PBXSourcesBuildPhase;
			buildActionMask = 2147483647;
			files = (
				DFED382C2692DDC300DC360E /* Framework.swift in Sources */,
				DFED38192692DD5900DC360E /* ContentContainerView.swift in Sources */,
				DFED38292692DD8C00DC360E /* Item.swift in Sources */,
				DF8C712F2695465C00C0240C /* Model.xcdatamodeld in Sources */,
				DFED38172692DD5900DC360E /* SampleApp.swift in Sources */,
				DFED382F2692DE6A00DC360E /* App.swift in Sources */,
				DFAA9743269FDF6D0021CDE1 /* CoreDataWrapper.swift in Sources */,
				DF8C712B2695454F00C0240C /* CoreDataManager.swift in Sources */,
				DFE9200F26959EC300736A6B /* User.swift in Sources */,
				DFED38312692E02300DC360E /* ItemDao.swift in Sources */,
			);
			runOnlyForDeploymentPostprocessing = 0;
		};
		DFED38122692DD5900DC360E /* Sources */ = {
			isa = PBXSourcesBuildPhase;
			buildActionMask = 2147483647;
			files = (
				DFED381A2692DD5900DC360E /* ContentContainerView.swift in Sources */,
				DFED382A2692DD8F00DC360E /* Item.swift in Sources */,
				DFED38182692DD5900DC360E /* SampleApp.swift in Sources */,
				DF712132269BF1A900F26E34 /* App.swift in Sources */,
				DF8C712C2695454F00C0240C /* CoreDataManager.swift in Sources */,
				DFE9201026959EC300736A6B /* User.swift in Sources */,
				DFED38322692E02300DC360E /* ItemDao.swift in Sources */,
				DFAA9744269FDF6D0021CDE1 /* CoreDataWrapper.swift in Sources */,
				DF712133269BF1BD00F26E34 /* Framework.swift in Sources */,
				DF8C71302695465C00C0240C /* Model.xcdatamodeld in Sources */,
			);
			runOnlyForDeploymentPostprocessing = 0;
		};
/* End PBXSourcesBuildPhase section */

/* Begin XCBuildConfiguration section */
		DFED381D2692DD5900DC360E /* Debug */ = {
			isa = XCBuildConfiguration;
			buildSettings = {
				ALWAYS_SEARCH_USER_PATHS = NO;
				CLANG_ANALYZER_NONNULL = YES;
				CLANG_ANALYZER_NUMBER_OBJECT_CONVERSION = YES_AGGRESSIVE;
				CLANG_CXX_LANGUAGE_STANDARD = "gnu++14";
				CLANG_CXX_LIBRARY = "libc++";
				CLANG_ENABLE_MODULES = YES;
				CLANG_ENABLE_OBJC_ARC = YES;
				CLANG_ENABLE_OBJC_WEAK = YES;
				CLANG_WARN_BLOCK_CAPTURE_AUTORELEASING = YES;
				CLANG_WARN_BOOL_CONVERSION = YES;
				CLANG_WARN_COMMA = YES;
				CLANG_WARN_CONSTANT_CONVERSION = YES;
				CLANG_WARN_DEPRECATED_OBJC_IMPLEMENTATIONS = YES;
				CLANG_WARN_DIRECT_OBJC_ISA_USAGE = YES_ERROR;
				CLANG_WARN_DOCUMENTATION_COMMENTS = YES;
				CLANG_WARN_EMPTY_BODY = YES;
				CLANG_WARN_ENUM_CONVERSION = YES;
				CLANG_WARN_INFINITE_RECURSION = YES;
				CLANG_WARN_INT_CONVERSION = YES;
				CLANG_WARN_NON_LITERAL_NULL_CONVERSION = YES;
				CLANG_WARN_OBJC_IMPLICIT_RETAIN_SELF = YES;
				CLANG_WARN_OBJC_LITERAL_CONVERSION = YES;
				CLANG_WARN_OBJC_ROOT_CLASS = YES_ERROR;
				CLANG_WARN_QUOTED_INCLUDE_IN_FRAMEWORK_HEADER = YES;
				CLANG_WARN_RANGE_LOOP_ANALYSIS = YES;
				CLANG_WARN_STRICT_PROTOTYPES = YES;
				CLANG_WARN_SUSPICIOUS_MOVE = YES;
				CLANG_WARN_UNGUARDED_AVAILABILITY = YES_AGGRESSIVE;
				CLANG_WARN_UNREACHABLE_CODE = YES;
				CLANG_WARN__DUPLICATE_METHOD_MATCH = YES;
				COPY_PHASE_STRIP = NO;
				DEBUG_INFORMATION_FORMAT = dwarf;
				ENABLE_STRICT_OBJC_MSGSEND = YES;
				ENABLE_TESTABILITY = YES;
				GCC_C_LANGUAGE_STANDARD = gnu11;
				GCC_DYNAMIC_NO_PIC = NO;
				GCC_NO_COMMON_BLOCKS = YES;
				GCC_OPTIMIZATION_LEVEL = 0;
				GCC_PREPROCESSOR_DEFINITIONS = (
					"DEBUG=1",
					"$(inherited)",
				);
				GCC_WARN_64_TO_32_BIT_CONVERSION = YES;
				GCC_WARN_ABOUT_RETURN_TYPE = YES_ERROR;
				GCC_WARN_UNDECLARED_SELECTOR = YES;
				GCC_WARN_UNINITIALIZED_AUTOS = YES_AGGRESSIVE;
				GCC_WARN_UNUSED_FUNCTION = YES;
				GCC_WARN_UNUSED_VARIABLE = YES;
				MTL_ENABLE_DEBUG_INFO = INCLUDE_SOURCE;
				MTL_FAST_MATH = YES;
				ONLY_ACTIVE_ARCH = YES;
				SWIFT_ACTIVE_COMPILATION_CONDITIONS = DEBUG;
				SWIFT_OPTIMIZATION_LEVEL = "-Onone";
			};
			name = Debug;
		};
		DFED381E2692DD5900DC360E /* Release */ = {
			isa = XCBuildConfiguration;
			buildSettings = {
				ALWAYS_SEARCH_USER_PATHS = NO;
				CLANG_ANALYZER_NONNULL = YES;
				CLANG_ANALYZER_NUMBER_OBJECT_CONVERSION = YES_AGGRESSIVE;
				CLANG_CXX_LANGUAGE_STANDARD = "gnu++14";
				CLANG_CXX_LIBRARY = "libc++";
				CLANG_ENABLE_MODULES = YES;
				CLANG_ENABLE_OBJC_ARC = YES;
				CLANG_ENABLE_OBJC_WEAK = YES;
				CLANG_WARN_BLOCK_CAPTURE_AUTORELEASING = YES;
				CLANG_WARN_BOOL_CONVERSION = YES;
				CLANG_WARN_COMMA = YES;
				CLANG_WARN_CONSTANT_CONVERSION = YES;
				CLANG_WARN_DEPRECATED_OBJC_IMPLEMENTATIONS = YES;
				CLANG_WARN_DIRECT_OBJC_ISA_USAGE = YES_ERROR;
				CLANG_WARN_DOCUMENTATION_COMMENTS = YES;
				CLANG_WARN_EMPTY_BODY = YES;
				CLANG_WARN_ENUM_CONVERSION = YES;
				CLANG_WARN_INFINITE_RECURSION = YES;
				CLANG_WARN_INT_CONVERSION = YES;
				CLANG_WARN_NON_LITERAL_NULL_CONVERSION = YES;
				CLANG_WARN_OBJC_IMPLICIT_RETAIN_SELF = YES;
				CLANG_WARN_OBJC_LITERAL_CONVERSION = YES;
				CLANG_WARN_OBJC_ROOT_CLASS = YES_ERROR;
				CLANG_WARN_QUOTED_INCLUDE_IN_FRAMEWORK_HEADER = YES;
				CLANG_WARN_RANGE_LOOP_ANALYSIS = YES;
				CLANG_WARN_STRICT_PROTOTYPES = YES;
				CLANG_WARN_SUSPICIOUS_MOVE = YES;
				CLANG_WARN_UNGUARDED_AVAILABILITY = YES_AGGRESSIVE;
				CLANG_WARN_UNREACHABLE_CODE = YES;
				CLANG_WARN__DUPLICATE_METHOD_MATCH = YES;
				COPY_PHASE_STRIP = NO;
				DEBUG_INFORMATION_FORMAT = "dwarf-with-dsym";
				ENABLE_NS_ASSERTIONS = NO;
				ENABLE_STRICT_OBJC_MSGSEND = YES;
				GCC_C_LANGUAGE_STANDARD = gnu11;
				GCC_NO_COMMON_BLOCKS = YES;
				GCC_WARN_64_TO_32_BIT_CONVERSION = YES;
				GCC_WARN_ABOUT_RETURN_TYPE = YES_ERROR;
				GCC_WARN_UNDECLARED_SELECTOR = YES;
				GCC_WARN_UNINITIALIZED_AUTOS = YES_AGGRESSIVE;
				GCC_WARN_UNUSED_FUNCTION = YES;
				GCC_WARN_UNUSED_VARIABLE = YES;
				MTL_ENABLE_DEBUG_INFO = NO;
				MTL_FAST_MATH = YES;
				SWIFT_COMPILATION_MODE = wholemodule;
				SWIFT_OPTIMIZATION_LEVEL = "-O";
			};
			name = Release;
		};
		DFED38202692DD5900DC360E /* Debug */ = {
			isa = XCBuildConfiguration;
			buildSettings = {
				ASSETCATALOG_COMPILER_APPICON_NAME = AppIcon;
				ASSETCATALOG_COMPILER_GLOBAL_ACCENT_COLOR_NAME = AccentColor;
				CODE_SIGN_ENTITLEMENTS = Sample.entitlements;
				CODE_SIGN_IDENTITY = "Apple Development";
				CODE_SIGN_STYLE = Automatic;
				CURRENT_PROJECT_VERSION = 1;
				DEVELOPMENT_TEAM = 4WS8357EKG;
				ENABLE_PREVIEWS = YES;
				GENERATE_INFOPLIST_FILE = YES;
				INFOPLIST_KEY_UIApplicationSceneManifest_Generation = YES;
				INFOPLIST_KEY_UIApplicationSupportsIndirectInputEvents = YES;
				INFOPLIST_KEY_UILaunchScreen_Generation = YES;
				INFOPLIST_KEY_UISupportedInterfaceOrientations_iPad = "UIInterfaceOrientationPortrait UIInterfaceOrientationPortraitUpsideDown UIInterfaceOrientationLandscapeLeft UIInterfaceOrientationLandscapeRight";
				INFOPLIST_KEY_UISupportedInterfaceOrientations_iPhone = "UIInterfaceOrientationPortrait UIInterfaceOrientationLandscapeLeft UIInterfaceOrientationLandscapeRight";
				IPHONEOS_DEPLOYMENT_TARGET = 15.0;
				LD_RUNPATH_SEARCH_PATHS = (
					"$(inherited)",
					"@executable_path/Frameworks",
				);
				MARKETING_VERSION = 1.0;
				PRODUCT_BUNDLE_IDENTIFIER = com.tangpian.Sample;
				PRODUCT_NAME = Sample;
				PROVISIONING_PROFILE_SPECIFIER = "";
				SDKROOT = iphoneos;
				SWIFT_EMIT_LOC_STRINGS = YES;
				SWIFT_VERSION = 5.0;
				TARGETED_DEVICE_FAMILY = "1,2";
			};
			name = Debug;
		};
		DFED38212692DD5900DC360E /* Release */ = {
			isa = XCBuildConfiguration;
			buildSettings = {
				ASSETCATALOG_COMPILER_APPICON_NAME = AppIcon;
				ASSETCATALOG_COMPILER_GLOBAL_ACCENT_COLOR_NAME = AccentColor;
				CODE_SIGN_ENTITLEMENTS = Sample.entitlements;
				CODE_SIGN_IDENTITY = "Apple Development";
				CODE_SIGN_STYLE = Automatic;
				CURRENT_PROJECT_VERSION = 1;
				DEVELOPMENT_TEAM = 4WS8357EKG;
				ENABLE_PREVIEWS = YES;
				GENERATE_INFOPLIST_FILE = YES;
				INFOPLIST_KEY_UIApplicationSceneManifest_Generation = YES;
				INFOPLIST_KEY_UIApplicationSupportsIndirectInputEvents = YES;
				INFOPLIST_KEY_UILaunchScreen_Generation = YES;
				INFOPLIST_KEY_UISupportedInterfaceOrientations_iPad = "UIInterfaceOrientationPortrait UIInterfaceOrientationPortraitUpsideDown UIInterfaceOrientationLandscapeLeft UIInterfaceOrientationLandscapeRight";
				INFOPLIST_KEY_UISupportedInterfaceOrientations_iPhone = "UIInterfaceOrientationPortrait UIInterfaceOrientationLandscapeLeft UIInterfaceOrientationLandscapeRight";
				IPHONEOS_DEPLOYMENT_TARGET = 15.0;
				LD_RUNPATH_SEARCH_PATHS = (
					"$(inherited)",
					"@executable_path/Frameworks",
				);
				MARKETING_VERSION = 1.0;
				PRODUCT_BUNDLE_IDENTIFIER = com.tangpian.Sample;
				PRODUCT_NAME = Sample;
				PROVISIONING_PROFILE_SPECIFIER = "";
				SDKROOT = iphoneos;
				SWIFT_EMIT_LOC_STRINGS = YES;
				SWIFT_VERSION = 5.0;
				TARGETED_DEVICE_FAMILY = "1,2";
				VALIDATE_PRODUCT = YES;
			};
			name = Release;
		};
		DFED38232692DD5900DC360E /* Debug */ = {
			isa = XCBuildConfiguration;
			buildSettings = {
				ASSETCATALOG_COMPILER_APPICON_NAME = AppIcon;
				ASSETCATALOG_COMPILER_GLOBAL_ACCENT_COLOR_NAME = AccentColor;
				CODE_SIGN_STYLE = Automatic;
				COMBINE_HIDPI_IMAGES = YES;
				CURRENT_PROJECT_VERSION = 1;
				DEVELOPMENT_TEAM = 4WS8357EKG;
				ENABLE_APP_SANDBOX = YES;
				ENABLE_HARDENED_RUNTIME = YES;
				ENABLE_PREVIEWS = YES;
				ENABLE_USER_SELECTED_FILES = readonly;
				GENERATE_INFOPLIST_FILE = YES;
				INFOPLIST_KEY_NSHumanReadableCopyright = "";
				LD_RUNPATH_SEARCH_PATHS = (
					"$(inherited)",
					"@executable_path/../Frameworks",
				);
				MACOSX_DEPLOYMENT_TARGET = 11.0;
				MARKETING_VERSION = 1.0;
				PRODUCT_BUNDLE_IDENTIFIER = com.tangpian.Sample;
				PRODUCT_NAME = Sample;
				SDKROOT = macosx;
				SWIFT_EMIT_LOC_STRINGS = YES;
				SWIFT_VERSION = 5.0;
			};
			name = Debug;
		};
		DFED38242692DD5900DC360E /* Release */ = {
			isa = XCBuildConfiguration;
			buildSettings = {
				ASSETCATALOG_COMPILER_APPICON_NAME = AppIcon;
				ASSETCATALOG_COMPILER_GLOBAL_ACCENT_COLOR_NAME = AccentColor;
				CODE_SIGN_STYLE = Automatic;
				COMBINE_HIDPI_IMAGES = YES;
				CURRENT_PROJECT_VERSION = 1;
				DEVELOPMENT_TEAM = 4WS8357EKG;
				ENABLE_APP_SANDBOX = YES;
				ENABLE_HARDENED_RUNTIME = YES;
				ENABLE_PREVIEWS = YES;
				ENABLE_USER_SELECTED_FILES = readonly;
				GENERATE_INFOPLIST_FILE = YES;
				INFOPLIST_KEY_NSHumanReadableCopyright = "";
				LD_RUNPATH_SEARCH_PATHS = (
					"$(inherited)",
					"@executable_path/../Frameworks",
				);
				MACOSX_DEPLOYMENT_TARGET = 11.0;
				MARKETING_VERSION = 1.0;
				PRODUCT_BUNDLE_IDENTIFIER = com.tangpian.Sample;
				PRODUCT_NAME = Sample;
				SDKROOT = macosx;
				SWIFT_EMIT_LOC_STRINGS = YES;
				SWIFT_VERSION = 5.0;
			};
			name = Release;
		};
/* End XCBuildConfiguration section */

/* Begin XCConfigurationList section */
		DFED38072692DD5700DC360E /* Build configuration list for PBXProject "Sample" */ = {
			isa = XCConfigurationList;
			buildConfigurations = (
				DFED381D2692DD5900DC360E /* Debug */,
				DFED381E2692DD5900DC360E /* Release */,
			);
			defaultConfigurationIsVisible = 0;
			defaultConfigurationName = Release;
		};
		DFED381F2692DD5900DC360E /* Build configuration list for PBXNativeTarget "Sample (iOS)" */ = {
			isa = XCConfigurationList;
			buildConfigurations = (
				DFED38202692DD5900DC360E /* Debug */,
				DFED38212692DD5900DC360E /* Release */,
			);
			defaultConfigurationIsVisible = 0;
			defaultConfigurationName = Release;
		};
		DFED38222692DD5900DC360E /* Build configuration list for PBXNativeTarget "Sample (macOS)" */ = {
			isa = XCConfigurationList;
			buildConfigurations = (
				DFED38232692DD5900DC360E /* Debug */,
				DFED38242692DD5900DC360E /* Release */,
			);
			defaultConfigurationIsVisible = 0;
			defaultConfigurationName = Release;
		};
/* End XCConfigurationList section */

/* Begin XCVersionGroup section */
		DF8C712D2695465C00C0240C /* Model.xcdatamodeld */ = {
			isa = XCVersionGroup;
			children = (
				DF8C712E2695465C00C0240C /* Model.xcdatamodel */,
			);
			currentVersion = DF8C712E2695465C00C0240C /* Model.xcdatamodel */;
			path = Model.xcdatamodeld;
			sourceTree = "<group>";
			versionGroupType = wrapper.xcdatamodel;
		};
/* End XCVersionGroup section */
	};
	rootObject = DFED38042692DD5700DC360E /* Project object */;
}
